
Microsoft Visual Studio Solution File, Format Version 12.00
# Visual Studio Version 17
VisualStudioVersion = 17.4.33110.190
MinimumVisualStudioVersion = 10.0.40219.1
Project("{9A19103F-16F7-4668-BE54-9A1E7A4F7556}") = "Lambda0", "Lambda0\Lambda0.csproj", "{6B12DC6B-9189-4894-806F-7158DF188605}"
EndProject
Project("{9A19103F-16F7-4668-BE54-9A1E7A4F7556}") = "IEnumerable", "Enumerable\IEnumerable.csproj", "{125869D1-97E2-4FA7-8650-778F176A4940}"
EndProject
Project("{9A19103F-16F7-4668-BE54-9A1E7A4F7556}") = "Linq_ShallowVsDeepCopy", "Linq_ShallowVsDeepCopy\Linq_ShallowVsDeepCopy.csproj", "{9A869E27-3E91-481A-8A70-16F0B4F62900}"
EndProject
Project("{9A19103F-16F7-4668-BE54-9A1E7A4F7556}") = "Linq_Orders", "Linq_Orders\Linq_Orders.csproj", "{9E325302-C188-4AA2-B264-EBB778C64B0B}"
EndProject
Project("{9A19103F-16F7-4668-BE54-9A1E7A4F7556}") = "Linq_Orders_Customers", "Linq_Orders_Customers\Linq_Orders_Customers.csproj", "{0DB213CB-37FC-4CC9-9D5B-8A81ECE15F75}"
EndProject
Project("{9A19103F-16F7-4668-BE54-9A1E7A4F7556}") = "Tasks0", "Tasks0\Tasks0.csproj", "{340376E2-010B-4DEB-9DEE-482FF5C49E40}"
EndProject
Project("{FAE04EC0-301F-11D3-BF4B-00C04F79EFBC}") = "ErrorHandling", "ErrorHandling\ErrorHandling.csproj", "{9936B31D-5273-437B-B55F-45D9E4453971}"
EndProject
Project("{FAE04EC0-301F-11D3-BF4B-00C04F79EFBC}") = "Streams0", "Streams0\Streams0.csproj", "{23EDDDC9-280F-4394-BF81-4BC8E9D907D7}"
EndProject
Global
	GlobalSection(SolutionConfigurationPlatforms) = preSolution
		Debug|Any CPU = Debug|Any CPU
		Release|Any CPU = Release|Any CPU
	EndGlobalSection
	GlobalSection(ProjectConfigurationPlatforms) = postSolution
		{6B12DC6B-9189-4894-806F-7158DF188605}.Debug|Any CPU.ActiveCfg = Debug|Any CPU
		{6B12DC6B-9189-4894-806F-7158DF188605}.Debug|Any CPU.Build.0 = Debug|Any CPU
		{6B12DC6B-9189-4894-806F-7158DF188605}.Release|Any CPU.ActiveCfg = Release|Any CPU
		{6B12DC6B-9189-4894-806F-7158DF188605}.Release|Any CPU.Build.0 = Release|Any CPU
		{125869D1-97E2-4FA7-8650-778F176A4940}.Debug|Any CPU.ActiveCfg = Debug|Any CPU
		{125869D1-97E2-4FA7-8650-778F176A4940}.Debug|Any CPU.Build.0 = Debug|Any CPU
		{125869D1-97E2-4FA7-8650-778F176A4940}.Release|Any CPU.ActiveCfg = Release|Any CPU
		{125869D1-97E2-4FA7-8650-778F176A4940}.Release|Any CPU.Build.0 = Release|Any CPU
		{9A869E27-3E91-481A-8A70-16F0B4F62900}.Debug|Any CPU.ActiveCfg = Debug|Any CPU
		{9A869E27-3E91-481A-8A70-16F0B4F62900}.Debug|Any CPU.Build.0 = Debug|Any CPU
		{9A869E27-3E91-481A-8A70-16F0B4F62900}.Release|Any CPU.ActiveCfg = Release|Any CPU
		{9A869E27-3E91-481A-8A70-16F0B4F62900}.Release|Any CPU.Build.0 = Release|Any CPU
		{9E325302-C188-4AA2-B264-EBB778C64B0B}.Debug|Any CPU.ActiveCfg = Debug|Any CPU
		{9E325302-C188-4AA2-B264-EBB778C64B0B}.Debug|Any CPU.Build.0 = Debug|Any CPU
		{9E325302-C188-4AA2-B264-EBB778C64B0B}.Release|Any CPU.ActiveCfg = Release|Any CPU
		{9E325302-C188-4AA2-B264-EBB778C64B0B}.Release|Any CPU.Build.0 = Release|Any CPU
		{0DB213CB-37FC-4CC9-9D5B-8A81ECE15F75}.Debug|Any CPU.ActiveCfg = Debug|Any CPU
		{0DB213CB-37FC-4CC9-9D5B-8A81ECE15F75}.Debug|Any CPU.Build.0 = Debug|Any CPU
		{0DB213CB-37FC-4CC9-9D5B-8A81ECE15F75}.Release|Any CPU.ActiveCfg = Release|Any CPU
		{0DB213CB-37FC-4CC9-9D5B-8A81ECE15F75}.Release|Any CPU.Build.0 = Release|Any CPU
		{340376E2-010B-4DEB-9DEE-482FF5C49E40}.Debug|Any CPU.ActiveCfg = Debug|Any CPU
		{340376E2-010B-4DEB-9DEE-482FF5C49E40}.Debug|Any CPU.Build.0 = Debug|Any CPU
		{340376E2-010B-4DEB-9DEE-482FF5C49E40}.Release|Any CPU.ActiveCfg = Release|Any CPU
		{340376E2-010B-4DEB-9DEE-482FF5C49E40}.Release|Any CPU.Build.0 = Release|Any CPU
		{9936B31D-5273-437B-B55F-45D9E4453971}.Debug|Any CPU.ActiveCfg = Debug|Any CPU
		{9936B31D-5273-437B-B55F-45D9E4453971}.Debug|Any CPU.Build.0 = Debug|Any CPU
		{9936B31D-5273-437B-B55F-45D9E4453971}.Release|Any CPU.ActiveCfg = Release|Any CPU
		{9936B31D-5273-437B-B55F-45D9E4453971}.Release|Any CPU.Build.0 = Release|Any CPU
		{23EDDDC9-280F-4394-BF81-4BC8E9D907D7}.Debug|Any CPU.ActiveCfg = Debug|Any CPU
		{23EDDDC9-280F-4394-BF81-4BC8E9D907D7}.Debug|Any CPU.Build.0 = Debug|Any CPU
		{23EDDDC9-280F-4394-BF81-4BC8E9D907D7}.Release|Any CPU.ActiveCfg = Release|Any CPU
		{23EDDDC9-280F-4394-BF81-4BC8E9D907D7}.Release|Any CPU.Build.0 = Release|Any CPU
	EndGlobalSection
	GlobalSection(SolutionProperties) = preSolution
		HideSolutionNode = FALSE
	EndGlobalSection
	GlobalSection(ExtensibilityGlobals) = postSolution
		SolutionGuid = {D7BEAE6F-A43F-41C3-BBAA-97E7A02373ED}
	EndGlobalSection
EndGlobal
