
Microsoft Visual Studio Solution File, Format Version 12.00
# Visual Studio Version 17
VisualStudioVersion = 17.4.33110.190
MinimumVisualStudioVersion = 10.0.40219.1
Project("{9A19103F-16F7-4668-BE54-9A1E7A4F7556}") = "Lambda0", "Lambda0\Lambda0.csproj", "{6B12DC6B-9189-4894-806F-7158DF188605}"
EndProject
Project("{9A19103F-16F7-4668-BE54-9A1E7A4F7556}") = "IEnumerable", "Enumerable\IEnumerable.csproj", "{125869D1-97E2-4FA7-8650-778F176A4940}"
EndProject
Project("{9A19103F-16F7-4668-BE54-9A1E7A4F7556}") = "Linq_ShallowVsDeepCopy", "Linq_ShallowVsDeepCopy\Linq_ShallowVsDeepCopy.csproj", "{9A869E27-3E91-481A-8A70-16F0B4F62900}"
EndProject
Project("{9A19103F-16F7-4668-BE54-9A1E7A4F7556}") = "Linq_Orders", "Linq_Orders\Linq_Orders.csproj", "{9E325302-C188-4AA2-B264-EBB778C64B0B}"
EndProject
Project("{9A19103F-16F7-4668-BE54-9A1E7A4F7556}") = "Linq_Orders_Customers", "Linq_Orders_Customers\Linq_Orders_Customers.csproj", "{0DB213CB-37FC-4CC9-9D5B-8A81ECE15F75}"
EndProject
Project("{9A19103F-16F7-4668-BE54-9A1E7A4F7556}") = "Task0", "Tasks0\Task0.csproj", "{340376E2-010B-4DEB-9DEE-482FF5C49E40}"
EndProject
Project("{9A19103F-16F7-4668-BE54-9A1E7A4F7556}") = "ErrorHandling", "ErrorHandling\ErrorHandling.csproj", "{9936B31D-5273-437B-B55F-45D9E4453971}"
EndProject
Project("{9A19103F-16F7-4668-BE54-9A1E7A4F7556}") = "Streams0", "Streams0\Streams0.csproj", "{23EDDDC9-280F-4394-BF81-4BC8E9D907D7}"
EndProject
Project("{9A19103F-16F7-4668-BE54-9A1E7A4F7556}") = "Serialize0", "Serialize0\Serialize0.csproj", "{86710279-9FBB-438D-99B4-D3802706CB24}"
EndProject
Project("{9A19103F-16F7-4668-BE54-9A1E7A4F7556}") = "Delegate1", "Delegate1\Delegate1.csproj", "{D3F062BB-95AA-4CD6-929A-84B8E16596CD}"
EndProject
Project("{9A19103F-16F7-4668-BE54-9A1E7A4F7556}") = "Delegate2", "Delegate2\Delegate2.csproj", "{A9C2BC5B-4107-4AC6-99FC-018910B2362A}"
EndProject
Project("{9A19103F-16F7-4668-BE54-9A1E7A4F7556}") = "Event1", "Event1\Event1.csproj", "{948CCA11-5FA2-4046-BF6B-5ADAF5F199F4}"
EndProject
Project("{9A19103F-16F7-4668-BE54-9A1E7A4F7556}") = "Task1", "Task1\Task1.csproj", "{8B84FE9E-2F8F-4651-A004-7F73364AAB63}"
EndProject
Project("{9A19103F-16F7-4668-BE54-9A1E7A4F7556}") = "Task2", "Task2\Task2.csproj", "{E1FFE91C-26A2-4A6A-BF46-2FFCCDD73062}"
EndProject
Project("{9A19103F-16F7-4668-BE54-9A1E7A4F7556}") = "Task3", "Task3\Task3.csproj", "{C7BBD8F1-5505-4F05-A608-821718B83BAA}"
EndProject
Project("{9A19103F-16F7-4668-BE54-9A1E7A4F7556}") = "Event2", "Event2\Event2.csproj", "{E77992D9-145E-4254-B2A9-823CD10E27DA}"
EndProject
Project("{9A19103F-16F7-4668-BE54-9A1E7A4F7556}") = "ThreadSafeData", "ThreadSafeData\ThreadSafeData.csproj", "{3F8B21A1-3486-4008-A8AF-B90E0E933339}"
EndProject
Project("{FAE04EC0-301F-11D3-BF4B-00C04F79EFBC}") = "Async", "Async\Async.csproj", "{056106E5-9FED-40A6-8B69-62B88BD6A6FB}"
EndProject
Project("{FAE04EC0-301F-11D3-BF4B-00C04F79EFBC}") = "Helpers", "Helpers\Helpers.csproj", "{452465D2-1D15-4F2F-B13A-1FE266C29DDF}"
EndProject
Project("{FAE04EC0-301F-11D3-BF4B-00C04F79EFBC}") = "Streams1", "Streams1\Streams1.csproj", "{C042CEFF-CF41-4512-B1B1-DB565E2E4778}"
EndProject
Global
	GlobalSection(SolutionConfigurationPlatforms) = preSolution
		Debug|Any CPU = Debug|Any CPU
		Release|Any CPU = Release|Any CPU
	EndGlobalSection
	GlobalSection(ProjectConfigurationPlatforms) = postSolution
		{6B12DC6B-9189-4894-806F-7158DF188605}.Debug|Any CPU.ActiveCfg = Debug|Any CPU
		{6B12DC6B-9189-4894-806F-7158DF188605}.Debug|Any CPU.Build.0 = Debug|Any CPU
		{6B12DC6B-9189-4894-806F-7158DF188605}.Release|Any CPU.ActiveCfg = Release|Any CPU
		{6B12DC6B-9189-4894-806F-7158DF188605}.Release|Any CPU.Build.0 = Release|Any CPU
		{125869D1-97E2-4FA7-8650-778F176A4940}.Debug|Any CPU.ActiveCfg = Debug|Any CPU
		{125869D1-97E2-4FA7-8650-778F176A4940}.Debug|Any CPU.Build.0 = Debug|Any CPU
		{125869D1-97E2-4FA7-8650-778F176A4940}.Release|Any CPU.ActiveCfg = Release|Any CPU
		{125869D1-97E2-4FA7-8650-778F176A4940}.Release|Any CPU.Build.0 = Release|Any CPU
		{9A869E27-3E91-481A-8A70-16F0B4F62900}.Debug|Any CPU.ActiveCfg = Debug|Any CPU
		{9A869E27-3E91-481A-8A70-16F0B4F62900}.Debug|Any CPU.Build.0 = Debug|Any CPU
		{9A869E27-3E91-481A-8A70-16F0B4F62900}.Release|Any CPU.ActiveCfg = Release|Any CPU
		{9A869E27-3E91-481A-8A70-16F0B4F62900}.Release|Any CPU.Build.0 = Release|Any CPU
		{9E325302-C188-4AA2-B264-EBB778C64B0B}.Debug|Any CPU.ActiveCfg = Debug|Any CPU
		{9E325302-C188-4AA2-B264-EBB778C64B0B}.Debug|Any CPU.Build.0 = Debug|Any CPU
		{9E325302-C188-4AA2-B264-EBB778C64B0B}.Release|Any CPU.ActiveCfg = Release|Any CPU
		{9E325302-C188-4AA2-B264-EBB778C64B0B}.Release|Any CPU.Build.0 = Release|Any CPU
		{0DB213CB-37FC-4CC9-9D5B-8A81ECE15F75}.Debug|Any CPU.ActiveCfg = Debug|Any CPU
		{0DB213CB-37FC-4CC9-9D5B-8A81ECE15F75}.Debug|Any CPU.Build.0 = Debug|Any CPU
		{0DB213CB-37FC-4CC9-9D5B-8A81ECE15F75}.Release|Any CPU.ActiveCfg = Release|Any CPU
		{0DB213CB-37FC-4CC9-9D5B-8A81ECE15F75}.Release|Any CPU.Build.0 = Release|Any CPU
		{340376E2-010B-4DEB-9DEE-482FF5C49E40}.Debug|Any CPU.ActiveCfg = Debug|Any CPU
		{340376E2-010B-4DEB-9DEE-482FF5C49E40}.Debug|Any CPU.Build.0 = Debug|Any CPU
		{340376E2-010B-4DEB-9DEE-482FF5C49E40}.Release|Any CPU.ActiveCfg = Release|Any CPU
		{340376E2-010B-4DEB-9DEE-482FF5C49E40}.Release|Any CPU.Build.0 = Release|Any CPU
		{9936B31D-5273-437B-B55F-45D9E4453971}.Debug|Any CPU.ActiveCfg = Debug|Any CPU
		{9936B31D-5273-437B-B55F-45D9E4453971}.Debug|Any CPU.Build.0 = Debug|Any CPU
		{9936B31D-5273-437B-B55F-45D9E4453971}.Release|Any CPU.ActiveCfg = Release|Any CPU
		{9936B31D-5273-437B-B55F-45D9E4453971}.Release|Any CPU.Build.0 = Release|Any CPU
		{23EDDDC9-280F-4394-BF81-4BC8E9D907D7}.Debug|Any CPU.ActiveCfg = Debug|Any CPU
		{23EDDDC9-280F-4394-BF81-4BC8E9D907D7}.Debug|Any CPU.Build.0 = Debug|Any CPU
		{23EDDDC9-280F-4394-BF81-4BC8E9D907D7}.Release|Any CPU.ActiveCfg = Release|Any CPU
		{23EDDDC9-280F-4394-BF81-4BC8E9D907D7}.Release|Any CPU.Build.0 = Release|Any CPU
		{86710279-9FBB-438D-99B4-D3802706CB24}.Debug|Any CPU.ActiveCfg = Debug|Any CPU
		{86710279-9FBB-438D-99B4-D3802706CB24}.Debug|Any CPU.Build.0 = Debug|Any CPU
		{86710279-9FBB-438D-99B4-D3802706CB24}.Release|Any CPU.ActiveCfg = Release|Any CPU
		{86710279-9FBB-438D-99B4-D3802706CB24}.Release|Any CPU.Build.0 = Release|Any CPU
		{D3F062BB-95AA-4CD6-929A-84B8E16596CD}.Debug|Any CPU.ActiveCfg = Debug|Any CPU
		{D3F062BB-95AA-4CD6-929A-84B8E16596CD}.Debug|Any CPU.Build.0 = Debug|Any CPU
		{D3F062BB-95AA-4CD6-929A-84B8E16596CD}.Release|Any CPU.ActiveCfg = Release|Any CPU
		{D3F062BB-95AA-4CD6-929A-84B8E16596CD}.Release|Any CPU.Build.0 = Release|Any CPU
		{A9C2BC5B-4107-4AC6-99FC-018910B2362A}.Debug|Any CPU.ActiveCfg = Debug|Any CPU
		{A9C2BC5B-4107-4AC6-99FC-018910B2362A}.Debug|Any CPU.Build.0 = Debug|Any CPU
		{A9C2BC5B-4107-4AC6-99FC-018910B2362A}.Release|Any CPU.ActiveCfg = Release|Any CPU
		{A9C2BC5B-4107-4AC6-99FC-018910B2362A}.Release|Any CPU.Build.0 = Release|Any CPU
		{948CCA11-5FA2-4046-BF6B-5ADAF5F199F4}.Debug|Any CPU.ActiveCfg = Debug|Any CPU
		{948CCA11-5FA2-4046-BF6B-5ADAF5F199F4}.Debug|Any CPU.Build.0 = Debug|Any CPU
		{948CCA11-5FA2-4046-BF6B-5ADAF5F199F4}.Release|Any CPU.ActiveCfg = Release|Any CPU
		{948CCA11-5FA2-4046-BF6B-5ADAF5F199F4}.Release|Any CPU.Build.0 = Release|Any CPU
		{8B84FE9E-2F8F-4651-A004-7F73364AAB63}.Debug|Any CPU.ActiveCfg = Debug|Any CPU
		{8B84FE9E-2F8F-4651-A004-7F73364AAB63}.Debug|Any CPU.Build.0 = Debug|Any CPU
		{8B84FE9E-2F8F-4651-A004-7F73364AAB63}.Release|Any CPU.ActiveCfg = Release|Any CPU
		{8B84FE9E-2F8F-4651-A004-7F73364AAB63}.Release|Any CPU.Build.0 = Release|Any CPU
		{E1FFE91C-26A2-4A6A-BF46-2FFCCDD73062}.Debug|Any CPU.ActiveCfg = Debug|Any CPU
		{E1FFE91C-26A2-4A6A-BF46-2FFCCDD73062}.Debug|Any CPU.Build.0 = Debug|Any CPU
		{E1FFE91C-26A2-4A6A-BF46-2FFCCDD73062}.Release|Any CPU.ActiveCfg = Release|Any CPU
		{E1FFE91C-26A2-4A6A-BF46-2FFCCDD73062}.Release|Any CPU.Build.0 = Release|Any CPU
		{C7BBD8F1-5505-4F05-A608-821718B83BAA}.Debug|Any CPU.ActiveCfg = Debug|Any CPU
		{C7BBD8F1-5505-4F05-A608-821718B83BAA}.Debug|Any CPU.Build.0 = Debug|Any CPU
		{C7BBD8F1-5505-4F05-A608-821718B83BAA}.Release|Any CPU.ActiveCfg = Release|Any CPU
		{C7BBD8F1-5505-4F05-A608-821718B83BAA}.Release|Any CPU.Build.0 = Release|Any CPU
		{E77992D9-145E-4254-B2A9-823CD10E27DA}.Debug|Any CPU.ActiveCfg = Debug|Any CPU
		{E77992D9-145E-4254-B2A9-823CD10E27DA}.Debug|Any CPU.Build.0 = Debug|Any CPU
		{E77992D9-145E-4254-B2A9-823CD10E27DA}.Release|Any CPU.ActiveCfg = Release|Any CPU
		{E77992D9-145E-4254-B2A9-823CD10E27DA}.Release|Any CPU.Build.0 = Release|Any CPU
		{3F8B21A1-3486-4008-A8AF-B90E0E933339}.Debug|Any CPU.ActiveCfg = Debug|Any CPU
		{3F8B21A1-3486-4008-A8AF-B90E0E933339}.Debug|Any CPU.Build.0 = Debug|Any CPU
		{3F8B21A1-3486-4008-A8AF-B90E0E933339}.Release|Any CPU.ActiveCfg = Release|Any CPU
		{3F8B21A1-3486-4008-A8AF-B90E0E933339}.Release|Any CPU.Build.0 = Release|Any CPU
		{056106E5-9FED-40A6-8B69-62B88BD6A6FB}.Debug|Any CPU.ActiveCfg = Debug|Any CPU
		{056106E5-9FED-40A6-8B69-62B88BD6A6FB}.Debug|Any CPU.Build.0 = Debug|Any CPU
		{056106E5-9FED-40A6-8B69-62B88BD6A6FB}.Release|Any CPU.ActiveCfg = Release|Any CPU
		{056106E5-9FED-40A6-8B69-62B88BD6A6FB}.Release|Any CPU.Build.0 = Release|Any CPU
		{452465D2-1D15-4F2F-B13A-1FE266C29DDF}.Debug|Any CPU.ActiveCfg = Debug|Any CPU
		{452465D2-1D15-4F2F-B13A-1FE266C29DDF}.Debug|Any CPU.Build.0 = Debug|Any CPU
		{452465D2-1D15-4F2F-B13A-1FE266C29DDF}.Release|Any CPU.ActiveCfg = Release|Any CPU
		{452465D2-1D15-4F2F-B13A-1FE266C29DDF}.Release|Any CPU.Build.0 = Release|Any CPU
		{C042CEFF-CF41-4512-B1B1-DB565E2E4778}.Debug|Any CPU.ActiveCfg = Debug|Any CPU
		{C042CEFF-CF41-4512-B1B1-DB565E2E4778}.Debug|Any CPU.Build.0 = Debug|Any CPU
		{C042CEFF-CF41-4512-B1B1-DB565E2E4778}.Release|Any CPU.ActiveCfg = Release|Any CPU
		{C042CEFF-CF41-4512-B1B1-DB565E2E4778}.Release|Any CPU.Build.0 = Release|Any CPU
	EndGlobalSection
	GlobalSection(SolutionProperties) = preSolution
		HideSolutionNode = FALSE
	EndGlobalSection
	GlobalSection(ExtensibilityGlobals) = postSolution
		SolutionGuid = {D7BEAE6F-A43F-41C3-BBAA-97E7A02373ED}
	EndGlobalSection
EndGlobal
